
Microsoft Visual Studio Solution File, Format Version 12.00
# Visual Studio Version 17
VisualStudioVersion = 17.1.32210.238
MinimumVisualStudioVersion = 10.0.40219.1
Project("{FAE04EC0-301F-11D3-BF4B-00C04F79EFBC}") = "Series", "Series\Series.csproj", "{22EB2CEC-744F-4CB8-870A-BD9767DB9159}"
EndProject
Global
	GlobalSection(SolutionConfigurationPlatforms) = preSolution
		Debug|Any CPU = Debug|Any CPU
		Release|Any CPU = Release|Any CPU
	EndGlobalSection
	GlobalSection(ProjectConfigurationPlatforms) = postSolution
		{22EB2CEC-744F-4CB8-870A-BD9767DB9159}.Debug|Any CPU.ActiveCfg = Debug|Any CPU
		{22EB2CEC-744F-4CB8-870A-BD9767DB9159}.Debug|Any CPU.Build.0 = Debug|Any CPU
		{22EB2CEC-744F-4CB8-870A-BD9767DB9159}.Release|Any CPU.ActiveCfg = Release|Any CPU
		{22EB2CEC-744F-4CB8-870A-BD9767DB9159}.Release|Any CPU.Build.0 = Release|Any CPU
	EndGlobalSection
	GlobalSection(SolutionProperties) = preSolution
		HideSolutionNode = FALSE
	EndGlobalSection
	GlobalSection(ExtensibilityGlobals) = postSolution
		SolutionGuid = {2F08D305-A307-491F-9FC7-93283D557402}
	EndGlobalSection
EndGlobal
